
Microsoft Visual Studio Solution File, Format Version 12.00
# Visual Studio Version 17
VisualStudioVersion = 17.4.33103.184
MinimumVisualStudioVersion = 10.0.40219.1
Project("{9A19103F-16F7-4668-BE54-9A1E7A4F7556}") = "DapperDemo", "DapperDemo\DapperDemo.csproj", "{9812656B-22B8-47F5-87A7-EA69F369EF89}"
EndProject
Project("{00D1A9C2-B5F0-4AF3-8072-F6C62B433612}") = "DAL", "DAL\DAL.sqlproj", "{7E8065CE-D2BB-4B25-B020-9759D66EE659}"
EndProject
Project("{FAE04EC0-301F-11D3-BF4B-00C04F79EFBC}") = "DataAccess", "DataAccess\DataAccess.csproj", "{126210D3-B7E2-4F44-A55C-54D095238AE3}"
EndProject
Global
	GlobalSection(SolutionConfigurationPlatforms) = preSolution
		Debug|Any CPU = Debug|Any CPU
		Release|Any CPU = Release|Any CPU
	EndGlobalSection
	GlobalSection(ProjectConfigurationPlatforms) = postSolution
		{9812656B-22B8-47F5-87A7-EA69F369EF89}.Debug|Any CPU.ActiveCfg = Debug|Any CPU
		{9812656B-22B8-47F5-87A7-EA69F369EF89}.Debug|Any CPU.Build.0 = Debug|Any CPU
		{9812656B-22B8-47F5-87A7-EA69F369EF89}.Release|Any CPU.ActiveCfg = Release|Any CPU
		{9812656B-22B8-47F5-87A7-EA69F369EF89}.Release|Any CPU.Build.0 = Release|Any CPU
		{7E8065CE-D2BB-4B25-B020-9759D66EE659}.Debug|Any CPU.ActiveCfg = Debug|Any CPU
		{7E8065CE-D2BB-4B25-B020-9759D66EE659}.Debug|Any CPU.Build.0 = Debug|Any CPU
		{7E8065CE-D2BB-4B25-B020-9759D66EE659}.Debug|Any CPU.Deploy.0 = Debug|Any CPU
		{7E8065CE-D2BB-4B25-B020-9759D66EE659}.Release|Any CPU.ActiveCfg = Release|Any CPU
		{7E8065CE-D2BB-4B25-B020-9759D66EE659}.Release|Any CPU.Build.0 = Release|Any CPU
		{7E8065CE-D2BB-4B25-B020-9759D66EE659}.Release|Any CPU.Deploy.0 = Release|Any CPU
		{126210D3-B7E2-4F44-A55C-54D095238AE3}.Debug|Any CPU.ActiveCfg = Debug|Any CPU
		{126210D3-B7E2-4F44-A55C-54D095238AE3}.Debug|Any CPU.Build.0 = Debug|Any CPU
		{126210D3-B7E2-4F44-A55C-54D095238AE3}.Release|Any CPU.ActiveCfg = Release|Any CPU
		{126210D3-B7E2-4F44-A55C-54D095238AE3}.Release|Any CPU.Build.0 = Release|Any CPU
	EndGlobalSection
	GlobalSection(SolutionProperties) = preSolution
		HideSolutionNode = FALSE
	EndGlobalSection
	GlobalSection(ExtensibilityGlobals) = postSolution
		SolutionGuid = {F4D9722D-B5FC-464A-9F47-5B9BB6879096}
	EndGlobalSection
EndGlobal
